
Microsoft Visual Studio Solution File, Format Version 12.00
# Visual Studio Version 17
VisualStudioVersion = 17.11.35327.3
MinimumVisualStudioVersion = 10.0.40219.1
Project("{FAE04EC0-301F-11D3-BF4B-00C04F79EFBC}") = "LibraryManagementAPI", "LibraryManagementAPI\LibraryManagementAPI.csproj", "{F88B621B-C4E8-4B75-838D-036B966DD9BB}"
EndProject
Global
	GlobalSection(SolutionConfigurationPlatforms) = preSolution
		Debug|Any CPU = Debug|Any CPU
		Release|Any CPU = Release|Any CPU
	EndGlobalSection
	GlobalSection(ProjectConfigurationPlatforms) = postSolution
		{F88B621B-C4E8-4B75-838D-036B966DD9BB}.Debug|Any CPU.ActiveCfg = Debug|Any CPU
		{F88B621B-C4E8-4B75-838D-036B966DD9BB}.Debug|Any CPU.Build.0 = Debug|Any CPU
		{F88B621B-C4E8-4B75-838D-036B966DD9BB}.Release|Any CPU.ActiveCfg = Release|Any CPU
		{F88B621B-C4E8-4B75-838D-036B966DD9BB}.Release|Any CPU.Build.0 = Release|Any CPU
	EndGlobalSection
	GlobalSection(SolutionProperties) = preSolution
		HideSolutionNode = FALSE
	EndGlobalSection
	GlobalSection(ExtensibilityGlobals) = postSolution
		SolutionGuid = {ADC35FFE-CA5F-4059-ACA7-8B230B436193}
	EndGlobalSection
EndGlobal
